
Microsoft Visual Studio Solution File, Format Version 12.00
# Visual Studio 15
VisualStudioVersion = 15.0.28307.645
MinimumVisualStudioVersion = 10.0.40219.1
Project("{9A19103F-16F7-4668-BE54-9A1E7A4F7556}") = "ExpenseManager.DataAccess", "ExpenseManager.DataAccess\ExpenseManager.DataAccess.csproj", "{CC59F44B-E6A7-4175-81E3-46334ED0D254}"
EndProject
Project("{9A19103F-16F7-4668-BE54-9A1E7A4F7556}") = "ExpenseManager.Business", "ExpenseManager.Business\ExpenseManager.Business.csproj", "{DFE8B34F-1E6F-42EB-A3E9-4AE47940DE6B}"
EndProject
Project("{9A19103F-16F7-4668-BE54-9A1E7A4F7556}") = "ExpenseManager.Entities", "ExpenseManager.Entities\ExpenseManager.Entities.csproj", "{6613A98B-4671-4EBE-A6E1-916E8BAA47AE}"
EndProject
Project("{9A19103F-16F7-4668-BE54-9A1E7A4F7556}") = "ExpenseManager.WebApi", "ExpenseManager.WebApi\ExpenseManager.WebApi.csproj", "{D3F35B5A-0E35-46DE-B108-E25B59D386BA}"
EndProject
Project("{9A19103F-16F7-4668-BE54-9A1E7A4F7556}") = "ExpenseManager.WebApp", "ExpenseManager.WebApp\ExpenseManager.WebApp.csproj", "{89322516-7FB7-4AB4-B78C-40EDB520B747}"
EndProject
Project("{FAE04EC0-301F-11D3-BF4B-00C04F79EFBC}") = "ExpenseManager.Auth", "ExpenseManager.Auth\ExpenseManager.Auth.csproj", "{4F69AEE2-F4C9-4F98-9D94-5672FE5738BE}"
EndProject
Global
	GlobalSection(SolutionConfigurationPlatforms) = preSolution
		Debug|Any CPU = Debug|Any CPU
		Release|Any CPU = Release|Any CPU
	EndGlobalSection
	GlobalSection(ProjectConfigurationPlatforms) = postSolution
		{CC59F44B-E6A7-4175-81E3-46334ED0D254}.Debug|Any CPU.ActiveCfg = Debug|Any CPU
		{CC59F44B-E6A7-4175-81E3-46334ED0D254}.Debug|Any CPU.Build.0 = Debug|Any CPU
		{CC59F44B-E6A7-4175-81E3-46334ED0D254}.Release|Any CPU.ActiveCfg = Release|Any CPU
		{CC59F44B-E6A7-4175-81E3-46334ED0D254}.Release|Any CPU.Build.0 = Release|Any CPU
		{DFE8B34F-1E6F-42EB-A3E9-4AE47940DE6B}.Debug|Any CPU.ActiveCfg = Debug|Any CPU
		{DFE8B34F-1E6F-42EB-A3E9-4AE47940DE6B}.Debug|Any CPU.Build.0 = Debug|Any CPU
		{DFE8B34F-1E6F-42EB-A3E9-4AE47940DE6B}.Release|Any CPU.ActiveCfg = Release|Any CPU
		{DFE8B34F-1E6F-42EB-A3E9-4AE47940DE6B}.Release|Any CPU.Build.0 = Release|Any CPU
		{6613A98B-4671-4EBE-A6E1-916E8BAA47AE}.Debug|Any CPU.ActiveCfg = Debug|Any CPU
		{6613A98B-4671-4EBE-A6E1-916E8BAA47AE}.Debug|Any CPU.Build.0 = Debug|Any CPU
		{6613A98B-4671-4EBE-A6E1-916E8BAA47AE}.Release|Any CPU.ActiveCfg = Release|Any CPU
		{6613A98B-4671-4EBE-A6E1-916E8BAA47AE}.Release|Any CPU.Build.0 = Release|Any CPU
		{D3F35B5A-0E35-46DE-B108-E25B59D386BA}.Debug|Any CPU.ActiveCfg = Debug|Any CPU
		{D3F35B5A-0E35-46DE-B108-E25B59D386BA}.Debug|Any CPU.Build.0 = Debug|Any CPU
		{D3F35B5A-0E35-46DE-B108-E25B59D386BA}.Release|Any CPU.ActiveCfg = Release|Any CPU
		{D3F35B5A-0E35-46DE-B108-E25B59D386BA}.Release|Any CPU.Build.0 = Release|Any CPU
		{89322516-7FB7-4AB4-B78C-40EDB520B747}.Debug|Any CPU.ActiveCfg = Debug|Any CPU
		{89322516-7FB7-4AB4-B78C-40EDB520B747}.Debug|Any CPU.Build.0 = Debug|Any CPU
		{89322516-7FB7-4AB4-B78C-40EDB520B747}.Release|Any CPU.ActiveCfg = Release|Any CPU
		{89322516-7FB7-4AB4-B78C-40EDB520B747}.Release|Any CPU.Build.0 = Release|Any CPU
		{4F69AEE2-F4C9-4F98-9D94-5672FE5738BE}.Debug|Any CPU.ActiveCfg = Debug|Any CPU
		{4F69AEE2-F4C9-4F98-9D94-5672FE5738BE}.Debug|Any CPU.Build.0 = Debug|Any CPU
		{4F69AEE2-F4C9-4F98-9D94-5672FE5738BE}.Release|Any CPU.ActiveCfg = Release|Any CPU
		{4F69AEE2-F4C9-4F98-9D94-5672FE5738BE}.Release|Any CPU.Build.0 = Release|Any CPU
	EndGlobalSection
	GlobalSection(SolutionProperties) = preSolution
		HideSolutionNode = FALSE
	EndGlobalSection
	GlobalSection(ExtensibilityGlobals) = postSolution
		SolutionGuid = {C00AC390-40D6-4802-965B-833A66C63ECC}
	EndGlobalSection
EndGlobal
